
Microsoft Visual Studio Solution File, Format Version 11.00
# Visual Basic Express 2010
Project("{F184B08F-C81C-45F6-A57F-5ABD9991F28F}") = "Traffic Lights", "Traffic Lights\Traffic Lights.vbproj", "{DBC462F2-294F-4DD8-8386-C958B486F9A8}"
EndProject
Global
	GlobalSection(SolutionConfigurationPlatforms) = preSolution
		Debug|Any CPU = Debug|Any CPU
		Release|Any CPU = Release|Any CPU
	EndGlobalSection
	GlobalSection(ProjectConfigurationPlatforms) = postSolution
		{DBC462F2-294F-4DD8-8386-C958B486F9A8}.Debug|Any CPU.ActiveCfg = Debug|Any CPU
		{DBC462F2-294F-4DD8-8386-C958B486F9A8}.Debug|Any CPU.Build.0 = Debug|Any CPU
		{DBC462F2-294F-4DD8-8386-C958B486F9A8}.Release|Any CPU.ActiveCfg = Release|Any CPU
		{DBC462F2-294F-4DD8-8386-C958B486F9A8}.Release|Any CPU.Build.0 = Release|Any CPU
	EndGlobalSection
	GlobalSection(SolutionProperties) = preSolution
		HideSolutionNode = FALSE
	EndGlobalSection
EndGlobal
