
Microsoft Visual Studio Solution File, Format Version 11.00
# Visual Basic Express 2010
Project("{F184B08F-C81C-45F6-A57F-5ABD9991F28F}") = "AIO Web Browser for iPad", "AIO Web Browser for iPad\AIO Web Browser for iPad.vbproj", "{BF84703A-1929-43AA-9C36-331CE35463EC}"
EndProject
Global
	GlobalSection(SolutionConfigurationPlatforms) = preSolution
		Debug|Any CPU = Debug|Any CPU
		Release|Any CPU = Release|Any CPU
	EndGlobalSection
	GlobalSection(ProjectConfigurationPlatforms) = postSolution
		{BF84703A-1929-43AA-9C36-331CE35463EC}.Debug|Any CPU.ActiveCfg = Debug|Any CPU
		{BF84703A-1929-43AA-9C36-331CE35463EC}.Debug|Any CPU.Build.0 = Debug|Any CPU
		{BF84703A-1929-43AA-9C36-331CE35463EC}.Release|Any CPU.ActiveCfg = Release|Any CPU
		{BF84703A-1929-43AA-9C36-331CE35463EC}.Release|Any CPU.Build.0 = Release|Any CPU
	EndGlobalSection
	GlobalSection(SolutionProperties) = preSolution
		HideSolutionNode = FALSE
	EndGlobalSection
EndGlobal
